PODS:
  - camerawesome (0.0.1):
    - Flutter
  - Flutter (1.0.0)
  - flutter_litert (0.0.1):
    - Flutter
  - image_picker_ios (0.0.1):
    - Flutter

DEPENDENCIES:
  - camerawesome (from `.symlinks/plugins/camerawesome/ios`)
  - Flutter (from `Flutter`)
  - flutter_litert (from `.symlinks/plugins/flutter_litert/ios`)
  - image_picker_ios (from `.symlinks/plugins/image_picker_ios/ios`)

EXTERNAL SOURCES:
  camerawesome:
    :path: ".symlinks/plugins/camerawesome/ios"
  Flutter:
    :path: Flutter
  flutter_litert:
    :path: ".symlinks/plugins/flutter_litert/ios"
  image_picker_ios:
    :path: ".symlinks/plugins/image_picker_ios/ios"

SPEC CHECKSUMS:
  camerawesome: a961fa32dafc00d2f093d824311c84f849586b58
  Flutter: cabc95a1d2626b1b06e7179b784ebcf0c0cde467
  flutter_litert: d2b3d84e8e00eb6a8166dc2686a64ebe8a6497fa
  image_picker_ios: e0ece4aa2a75771a7de3fa735d26d90817041326

PODFILE CHECKSUM: 3c63482e143d1b91d2d2560aee9fb04ecc74ac7e

COCOAPODS: 1.16.2
